
Microsoft Visual Studio Solution File, Format Version 12.00
# Visual Studio Version 17
VisualStudioVersion = 17.2.32630.192
MinimumVisualStudioVersion = 10.0.40219.1
Project("{FAE04EC0-301F-11D3-BF4B-00C04F79EFBC}") = "20202007_Aplikasi Data Mahasiswa", "20202007_Aplikasi Data Mahasiswa\20202007_Aplikasi Data Mahasiswa.csproj", "{0B0AD6B3-36B2-4842-A14A-719C3AB96158}"
EndProject
Global
	GlobalSection(SolutionConfigurationPlatforms) = preSolution
		Debug|Any CPU = Debug|Any CPU
		Release|Any CPU = Release|Any CPU
	EndGlobalSection
	GlobalSection(ProjectConfigurationPlatforms) = postSolution
		{0B0AD6B3-36B2-4842-A14A-719C3AB96158}.Debug|Any CPU.ActiveCfg = Debug|Any CPU
		{0B0AD6B3-36B2-4842-A14A-719C3AB96158}.Debug|Any CPU.Build.0 = Debug|Any CPU
		{0B0AD6B3-36B2-4842-A14A-719C3AB96158}.Release|Any CPU.ActiveCfg = Release|Any CPU
		{0B0AD6B3-36B2-4842-A14A-719C3AB96158}.Release|Any CPU.Build.0 = Release|Any CPU
	EndGlobalSection
	GlobalSection(SolutionProperties) = preSolution
		HideSolutionNode = FALSE
	EndGlobalSection
	GlobalSection(ExtensibilityGlobals) = postSolution
		SolutionGuid = {57BB695C-C371-4C41-8D90-386D2DF355A3}
	EndGlobalSection
EndGlobal
